// !$*UTF8*$!
{
	archiveVersion = 1;
	classes = {
	};
	objectVersion = 46;
	objects = {

/* Begin PBXBuildFile section */
		D2A6A5E81D1A28830069BFB5 /* main.m in Sources */ = {isa = PBXBuildFile; fileRef = D2A6A5E71D1A28830069BFB5 /* main.m */; };
		D2A6A5EB1D1A28830069BFB5 /* AppDelegate.m in Sources */ = {isa = PBXBuildFile; fileRef = D2A6A5EA1D1A28830069BFB5 /* AppDelegate.m */; };
		D2A6A5EE1D1A28830069BFB5 /* ViewController.m in Sources */ = {isa = PBXBuildFile; fileRef = D2A6A5ED1D1A28830069BFB5 /* ViewController.m */; };
		D2A6A5F11D1A28830069BFB5 /* Main.storyboard in Resources */ = {isa = PBXBuildFile; fileRef = D2A6A5EF1D1A28830069BFB5 /* Main.storyboard */; };
		D2A6A5F31D1A28830069BFB5 /* Assets.xcassets in Resources */ = {isa = PBXBuildFile; fileRef = D2A6A5F21D1A28830069BFB5 /* Assets.xcassets */; };
		D2A6A5F61D1A28830069BFB5 /* LaunchScreen.storyboard in Resources */ = {isa = PBXBuildFile; fileRef = D2A6A5F41D1A28830069BFB5 /* LaunchScreen.storyboard */; };
		D2A6A6011D1A28830069BFB5 /* AlgorithmDemoTests.m in Sources */ = {isa = PBXBuildFile; fileRef = D2A6A6001D1A28830069BFB5 /* AlgorithmDemoTests.m */; };
		D2A6A60C1D1A28830069BFB5 /* AlgorithmDemoUITests.m in Sources */ = {isa = PBXBuildFile; fileRef = D2A6A60B1D1A28830069BFB5 /* AlgorithmDemoUITests.m */; };
		D2A6A6211D1A2E050069BFB5 /* FJSDefaultManager.m in Sources */ = {isa = PBXBuildFile; fileRef = D2A6A6201D1A2E050069BFB5 /* FJSDefaultManager.m */; };
/* End PBXBuildFile section */

/* Begin PBXContainerItemProxy section */
		D2A6A5FD1D1A28830069BFB5 /* PBXContainerItemProxy */ = {
			isa = PBXContainerItemProxy;
			containerPortal = D2A6A5DB1D1A28830069BFB5 /* Project object */;
			proxyType = 1;
			remoteGlobalIDString = D2A6A5E21D1A28830069BFB5;
			remoteInfo = AlgorithmDemo;
		};
		D2A6A6081D1A28830069BFB5 /* PBXContainerItemProxy */ = {
			isa = PBXContainerItemProxy;
			containerPortal = D2A6A5DB1D1A28830069BFB5 /* Project object */;
			proxyType = 1;
			remoteGlobalIDString = D2A6A5E21D1A28830069BFB5;
			remoteInfo = AlgorithmDemo;
		};
/* End PBXContainerItemProxy section */

/* Begin PBXFileReference section */
		D2A6A5E31D1A28830069BFB5 /* AlgorithmDemo.app */ = {isa = PBXFileReference; explicitFileType = wrapper.application; includeInIndex = 0; path = AlgorithmDemo.app; sourceTree = BUILT_PRODUCTS_DIR; };
		D2A6A5E71D1A28830069BFB5 /* main.m */ = {isa = PBXFileReference; lastKnownFileType = sourcecode.c.objc; path = main.m; sourceTree = "<group>"; };
		D2A6A5E91D1A28830069BFB5 /* AppDelegate.h */ = {isa = PBXFileReference; lastKnownFileType = sourcecode.c.h; path = AppDelegate.h; sourceTree = "<group>"; };
		D2A6A5EA1D1A28830069BFB5 /* AppDelegate.m */ = {isa = PBXFileReference; lastKnownFileType = sourcecode.c.objc; path = AppDelegate.m; sourceTree = "<group>"; };
		D2A6A5EC1D1A28830069BFB5 /* ViewController.h */ = {isa = PBXFileReference; lastKnownFileType = sourcecode.c.h; path = ViewController.h; sourceTree = "<group>"; };
		D2A6A5ED1D1A28830069BFB5 /* ViewController.m */ = {isa = PBXFileReference; lastKnownFileType = sourcecode.c.objc; path = ViewController.m; sourceTree = "<group>"; };
		D2A6A5F01D1A28830069BFB5 /* Base */ = {isa = PBXFileReference; lastKnownFileType = file.storyboard; name = Base; path = Base.lproj/Main.storyboard; sourceTree = "<group>"; };
		D2A6A5F21D1A28830069BFB5 /* Assets.xcassets */ = {isa = PBXFileReference; lastKnownFileType = folder.assetcatalog; path = Assets.xcassets; sourceTree = "<group>"; };
		D2A6A5F51D1A28830069BFB5 /* Base */ = {isa = PBXFileReference; lastKnownFileType = file.storyboard; name = Base; path = Base.lproj/LaunchScreen.storyboard; sourceTree = "<group>"; };
		D2A6A5F71D1A28830069BFB5 /* Info.plist */ = {isa = PBXFileReference; lastKnownFileType = text.plist.xml; path = Info.plist; sourceTree = "<group>"; };
		D2A6A5FC1D1A28830069BFB5 /* AlgorithmDemoTests.xctest */ = {isa = PBXFileReference; explicitFileType = wrapper.cfbundle; includeInIndex = 0; path = AlgorithmDemoTests.xctest; sourceTree = BUILT_PRODUCTS_DIR; };
		D2A6A6001D1A28830069BFB5 /* AlgorithmDemoTests.m */ = {isa = PBXFileReference; lastKnownFileType = sourcecode.c.objc; path = AlgorithmDemoTests.m; sourceTree = "<group>"; };
		D2A6A6021D1A28830069BFB5 /* Info.plist */ = {isa = PBXFileReference; lastKnownFileType = text.plist.xml; path = Info.plist; sourceTree = "<group>"; };
		D2A6A6071D1A28830069BFB5 /* AlgorithmDemoUITests.xctest */ = {isa = PBXFileReference; explicitFileType = wrapper.cfbundle; includeInIndex = 0; path = AlgorithmDemoUITests.xctest; sourceTree = BUILT_PRODUCTS_DIR; };
		D2A6A60B1D1A28830069BFB5 /* AlgorithmDemoUITests.m */ = {isa = PBXFileReference; lastKnownFileType = sourcecode.c.objc; path = AlgorithmDemoUITests.m; sourceTree = "<group>"; };
		D2A6A60D1D1A28830069BFB5 /* Info.plist */ = {isa = PBXFileReference; lastKnownFileType = text.plist.xml; path = Info.plist; sourceTree = "<group>"; };
		D2A6A61F1D1A2E050069BFB5 /* FJSDefaultManager.h */ = {isa = PBXFileReference; fileEncoding = 4; lastKnownFileType = sourcecode.c.h; path = FJSDefaultManager.h; sourceTree = "<group>"; };
		D2A6A6201D1A2E050069BFB5 /* FJSDefaultManager.m */ = {isa = PBXFileReference; fileEncoding = 4; lastKnownFileType = sourcecode.c.objc; path = FJSDefaultManager.m; sourceTree = "<group>"; };
/* End PBXFileReference section */

/* Begin PBXFrameworksBuildPhase section */
		D2A6A5E01D1A28830069BFB5 /* Frameworks */ = {
			isa = PBXFrameworksBuildPhase;
			buildActionMask = 2147483647;
			files = (
			);
			runOnlyForDeploymentPostprocessing = 0;
		};
		D2A6A5F91D1A28830069BFB5 /* Frameworks */ = {
			isa = PBXFrameworksBuildPhase;
			buildActionMask = 2147483647;
			files = (
			);
			runOnlyForDeploymentPostprocessing = 0;
		};
		D2A6A6041D1A28830069BFB5 /* Frameworks */ = {
			isa = PBXFrameworksBuildPhase;
			buildActionMask = 2147483647;
			files = (
			);
			runOnlyForDeploymentPostprocessing = 0;
		};
/* End PBXFrameworksBuildPhase section */

/* Begin PBXGroup section */
		D2A6A5DA1D1A28830069BFB5 = {
			isa = PBXGroup;
			children = (
				D2A6A5E51D1A28830069BFB5 /* AlgorithmDemo */,
				D2A6A5FF1D1A28830069BFB5 /* AlgorithmDemoTests */,
				D2A6A60A1D1A28830069BFB5 /* AlgorithmDemoUITests */,
				D2A6A5E41D1A28830069BFB5 /* Products */,
			);
			sourceTree = "<group>";
		};
		D2A6A5E41D1A28830069BFB5 /* Products */ = {
			isa = PBXGroup;
			children = (
				D2A6A5E31D1A28830069BFB5 /* AlgorithmDemo.app */,
				D2A6A5FC1D1A28830069BFB5 /* AlgorithmDemoTests.xctest */,
				D2A6A6071D1A28830069BFB5 /* AlgorithmDemoUITests.xctest */,
			);
			name = Products;
			sourceTree = "<group>";
		};
		D2A6A5E51D1A28830069BFB5 /* AlgorithmDemo */ = {
			isa = PBXGroup;
			children = (
				D2A6A5E91D1A28830069BFB5 /* AppDelegate.h */,
				D2A6A5EA1D1A28830069BFB5 /* AppDelegate.m */,
				D2A6A5EC1D1A28830069BFB5 /* ViewController.h */,
				D2A6A5ED1D1A28830069BFB5 /* ViewController.m */,
				D2A6A61F1D1A2E050069BFB5 /* FJSDefaultManager.h */,
				D2A6A6201D1A2E050069BFB5 /* FJSDefaultManager.m */,
				D2A6A5EF1D1A28830069BFB5 /* Main.storyboard */,
				D2A6A5F21D1A28830069BFB5 /* Assets.xcassets */,
				D2A6A5F41D1A28830069BFB5 /* LaunchScreen.storyboard */,
				D2A6A5F71D1A28830069BFB5 /* Info.plist */,
				D2A6A5E61D1A28830069BFB5 /* Supporting Files */,
			);
			path = AlgorithmDemo;
			sourceTree = "<group>";
		};
		D2A6A5E61D1A28830069BFB5 /* Supporting Files */ = {
			isa = PBXGroup;
			children = (
				D2A6A5E71D1A28830069BFB5 /* main.m */,
			);
			name = "Supporting Files";
			sourceTree = "<group>";
		};
		D2A6A5FF1D1A28830069BFB5 /* AlgorithmDemoTests */ = {
			isa = PBXGroup;
			children = (
				D2A6A6001D1A28830069BFB5 /* AlgorithmDemoTests.m */,
				D2A6A6021D1A28830069BFB5 /* Info.plist */,
			);
			path = AlgorithmDemoTests;
			sourceTree = "<group>";
		};
		D2A6A60A1D1A28830069BFB5 /* AlgorithmDemoUITests */ = {
			isa = PBXGroup;
			children = (
				D2A6A60B1D1A28830069BFB5 /* AlgorithmDemoUITests.m */,
				D2A6A60D1D1A28830069BFB5 /* Info.plist */,
			);
			path = AlgorithmDemoUITests;
			sourceTree = "<group>";
		};
/* End PBXGroup section */

/* Begin PBXNativeTarget section */
		D2A6A5E21D1A28830069BFB5 /* AlgorithmDemo */ = {
			isa = PBXNativeTarget;
			buildConfigurationList = D2A6A6101D1A28830069BFB5 /* Build configuration list for PBXNativeTarget "AlgorithmDemo" */;
			buildPhases = (
				D2A6A5DF1D1A28830069BFB5 /* Sources */,
				D2A6A5E01D1A28830069BFB5 /* Frameworks */,
				D2A6A5E11D1A28830069BFB5 /* Resources */,
			);
			buildRules = (
			);
			dependencies = (
			);
			name = AlgorithmDemo;
			productName = AlgorithmDemo;
			productReference = D2A6A5E31D1A28830069BFB5 /* AlgorithmDemo.app */;
			productType = "com.apple.product-type.application";
		};
		D2A6A5FB1D1A28830069BFB5 /* AlgorithmDemoTests */ = {
			isa = PBXNativeTarget;
			buildConfigurationList = D2A6A6131D1A28830069BFB5 /* Build configuration list for PBXNativeTarget "AlgorithmDemoTests" */;
			buildPhases = (
				D2A6A5F81D1A28830069BFB5 /* Sources */,
				D2A6A5F91D1A28830069BFB5 /* Frameworks */,
				D2A6A5FA1D1A28830069BFB5 /* Resources */,
			);
			buildRules = (
			);
			dependencies = (
				D2A6A5FE1D1A28830069BFB5 /* PBXTargetDependency */,
			);
			name = AlgorithmDemoTests;
			productName = AlgorithmDemoTests;
			productReference = D2A6A5FC1D1A28830069BFB5 /* AlgorithmDemoTests.xctest */;
			productType = "com.apple.product-type.bundle.unit-test";
		};
		D2A6A6061D1A28830069BFB5 /* AlgorithmDemoUITests */ = {
			isa = PBXNativeTarget;
			buildConfigurationList = D2A6A6161D1A28830069BFB5 /* Build configuration list for PBXNativeTarget "AlgorithmDemoUITests" */;
			buildPhases = (
				D2A6A6031D1A28830069BFB5 /* Sources */,
				D2A6A6041D1A28830069BFB5 /* Frameworks */,
				D2A6A6051D1A28830069BFB5 /* Resources */,
			);
			buildRules = (
			);
			dependencies = (
				D2A6A6091D1A28830069BFB5 /* PBXTargetDependency */,
			);
			name = AlgorithmDemoUITests;
			productName = AlgorithmDemoUITests;
			productReference = D2A6A6071D1A28830069BFB5 /* AlgorithmDemoUITests.xctest */;
			productType = "com.apple.product-type.bundle.ui-testing";
		};
/* End PBXNativeTarget section */

/* Begin PBXProject section */
		D2A6A5DB1D1A28830069BFB5 /* Project object */ = {
			isa = PBXProject;
			attributes = {
				LastUpgradeCheck = 0730;
				ORGANIZATIONNAME = www.fujinshi.com;
				TargetAttributes = {
					D2A6A5E21D1A28830069BFB5 = {
						CreatedOnToolsVersion = 7.3.1;
					};
					D2A6A5FB1D1A28830069BFB5 = {
						CreatedOnToolsVersion = 7.3.1;
						TestTargetID = D2A6A5E21D1A28830069BFB5;
					};
					D2A6A6061D1A28830069BFB5 = {
						CreatedOnToolsVersion = 7.3.1;
						TestTargetID = D2A6A5E21D1A28830069BFB5;
					};
				};
			};
			buildConfigurationList = D2A6A5DE1D1A28830069BFB5 /* Build configuration list for PBXProject "AlgorithmDemo" */;
			compatibilityVersion = "Xcode 3.2";
			developmentRegion = English;
			hasScannedForEncodings = 0;
			knownRegions = (
				en,
				Base,
			);
			mainGroup = D2A6A5DA1D1A28830069BFB5;
			productRefGroup = D2A6A5E41D1A28830069BFB5 /* Products */;
			projectDirPath = "";
			projectRoot = "";
			targets = (
				D2A6A5E21D1A28830069BFB5 /* AlgorithmDemo */,
				D2A6A5FB1D1A28830069BFB5 /* AlgorithmDemoTests */,
				D2A6A6061D1A28830069BFB5 /* AlgorithmDemoUITests */,
			);
		};
/* End PBXProject section */

/* Begin PBXResourcesBuildPhase section */
		D2A6A5E11D1A28830069BFB5 /* Resources */ = {
			isa = PBXResourcesBuildPhase;
			buildActionMask = 2147483647;
			files = (
				D2A6A5F61D1A28830069BFB5 /* LaunchScreen.storyboard in Resources */,
				D2A6A5F31D1A28830069BFB5 /* Assets.xcassets in Resources */,
				D2A6A5F11D1A28830069BFB5 /* Main.storyboard in Resources */,
			);
			runOnlyForDeploymentPostprocessing = 0;
		};
		D2A6A5FA1D1A28830069BFB5 /* Resources */ = {
			isa = PBXResourcesBuildPhase;
			buildActionMask = 2147483647;
			files = (
			);
			runOnlyForDeploymentPostprocessing = 0;
		};
		D2A6A6051D1A28830069BFB5 /* Resources */ = {
			isa = PBXResourcesBuildPhase;
			buildActionMask = 2147483647;
			files = (
			);
			runOnlyForDeploymentPostprocessing = 0;
		};
/* End PBXResourcesBuildPhase section */

/* Begin PBXSourcesBuildPhase section */
		D2A6A5DF1D1A28830069BFB5 /* Sources */ = {
			isa = PBXSourcesBuildPhase;
			buildActionMask = 2147483647;
			files = (
				D2A6A5EE1D1A28830069BFB5 /* ViewController.m in Sources */,
				D2A6A6211D1A2E050069BFB5 /* FJSDefaultManager.m in Sources */,
				D2A6A5EB1D1A28830069BFB5 /* AppDelegate.m in Sources */,
				D2A6A5E81D1A28830069BFB5 /* main.m in Sources */,
			);
			runOnlyForDeploymentPostprocessing = 0;
		};
		D2A6A5F81D1A28830069BFB5 /* Sources */ = {
			isa = PBXSourcesBuildPhase;
			buildActionMask = 2147483647;
			files = (
				D2A6A6011D1A28830069BFB5 /* AlgorithmDemoTests.m in Sources */,
			);
			runOnlyForDeploymentPostprocessing = 0;
		};
		D2A6A6031D1A28830069BFB5 /* Sources */ = {
			isa = PBXSourcesBuildPhase;
			buildActionMask = 2147483647;
			files = (
				D2A6A60C1D1A28830069BFB5 /* AlgorithmDemoUITests.m in Sources */,
			);
			runOnlyForDeploymentPostprocessing = 0;
		};
/* End PBXSourcesBuildPhase section */

/* Begin PBXTargetDependency section */
		D2A6A5FE1D1A28830069BFB5 /* PBXTargetDependency */ = {
			isa = PBXTargetDependency;
			target = D2A6A5E21D1A28830069BFB5 /* AlgorithmDemo */;
			targetProxy = D2A6A5FD1D1A28830069BFB5 /* PBXContainerItemProxy */;
		};
		D2A6A6091D1A28830069BFB5 /* PBXTargetDependency */ = {
			isa = PBXTargetDependency;
			target = D2A6A5E21D1A28830069BFB5 /* AlgorithmDemo */;
			targetProxy = D2A6A6081D1A28830069BFB5 /* PBXContainerItemProxy */;
		};
/* End PBXTargetDependency section */

/* Begin PBXVariantGroup section */
		D2A6A5EF1D1A28830069BFB5 /* Main.storyboard */ = {
			isa = PBXVariantGroup;
			children = (
				D2A6A5F01D1A28830069BFB5 /* Base */,
			);
			name = Main.storyboard;
			sourceTree = "<group>";
		};
		D2A6A5F41D1A28830069BFB5 /* LaunchScreen.storyboard */ = {
			isa = PBXVariantGroup;
			children = (
				D2A6A5F51D1A28830069BFB5 /* Base */,
			);
			name = LaunchScreen.storyboard;
			sourceTree = "<group>";
		};
/* End PBXVariantGroup section */

/* Begin XCBuildConfiguration section */
		D2A6A60E1D1A28830069BFB5 /* Debug */ = {
			isa = XCBuildConfiguration;
			buildSettings = {
				ALWAYS_SEARCH_USER_PATHS = NO;
				CLANG_ANALYZER_NONNULL = YES;
				CLANG_CXX_LANGUAGE_STANDARD = "gnu++0x";
				CLANG_CXX_LIBRARY = "libc++";
				CLANG_ENABLE_MODULES = YES;
				CLANG_ENABLE_OBJC_ARC = YES;
				CLANG_WARN_BOOL_CONVERSION = YES;
				CLANG_WARN_CONSTANT_CONVERSION = YES;
				CLANG_WARN_DIRECT_OBJC_ISA_USAGE = YES_ERROR;
				CLANG_WARN_EMPTY_BODY = YES;
				CLANG_WARN_ENUM_CONVERSION = YES;
				CLANG_WARN_INT_CONVERSION = YES;
				CLANG_WARN_OBJC_ROOT_CLASS = YES_ERROR;
				CLANG_WARN_UNREACHABLE_CODE = YES;
				CLANG_WARN__DUPLICATE_METHOD_MATCH = YES;
				"CODE_SIGN_IDENTITY[sdk=iphoneos*]" = "iPhone Developer";
				COPY_PHASE_STRIP = NO;
				DEBUG_INFORMATION_FORMAT = dwarf;
				ENABLE_STRICT_OBJC_MSGSEND = YES;
				ENABLE_TESTABILITY = YES;
				GCC_C_LANGUAGE_STANDARD = gnu99;
				GCC_DYNAMIC_NO_PIC = NO;
				GCC_NO_COMMON_BLOCKS = YES;
				GCC_OPTIMIZATION_LEVEL = 0;
				GCC_PREPROCESSOR_DEFINITIONS = (
					"DEBUG=1",
					"$(inherited)",
				);
				GCC_WARN_64_TO_32_BIT_CONVERSION = YES;
				GCC_WARN_ABOUT_RETURN_TYPE = YES_ERROR;
				GCC_WARN_UNDECLARED_SELECTOR = YES;
				GCC_WARN_UNINITIALIZED_AUTOS = YES_AGGRESSIVE;
				GCC_WARN_UNUSED_FUNCTION = YES;
				GCC_WARN_UNUSED_VARIABLE = YES;
				IPHONEOS_DEPLOYMENT_TARGET = 9.3;
				MTL_ENABLE_DEBUG_INFO = YES;
				ONLY_ACTIVE_ARCH = YES;
				SDKROOT = iphoneos;
			};
			name = Debug;
		};
		D2A6A60F1D1A28830069BFB5 /* Release */ = {
			isa = XCBuildConfiguration;
			buildSettings = {
				ALWAYS_SEARCH_USER_PATHS = NO;
				CLANG_ANALYZER_NONNULL = YES;
				CLANG_CXX_LANGUAGE_STANDARD = "gnu++0x";
				CLANG_CXX_LIBRARY = "libc++";
				CLANG_ENABLE_MODULES = YES;
				CLANG_ENABLE_OBJC_ARC = YES;
				CLANG_WARN_BOOL_CONVERSION = YES;
				CLANG_WARN_CONSTANT_CONVERSION = YES;
				CLANG_WARN_DIRECT_OBJC_ISA_USAGE = YES_ERROR;
				CLANG_WARN_EMPTY_BODY = YES;
				CLANG_WARN_ENUM_CONVERSION = YES;
				CLANG_WARN_INT_CONVERSION = YES;
				CLANG_WARN_OBJC_ROOT_CLASS = YES_ERROR;
				CLANG_WARN_UNREACHABLE_CODE = YES;
				CLANG_WARN__DUPLICATE_METHOD_MATCH = YES;
				"CODE_SIGN_IDENTITY[sdk=iphoneos*]" = "iPhone Developer";
				COPY_PHASE_STRIP = NO;
				DEBUG_INFORMATION_FORMAT = "dwarf-with-dsym";
				ENABLE_NS_ASSERTIONS = NO;
				ENABLE_STRICT_OBJC_MSGSEND = YES;
				GCC_C_LANGUAGE_STANDARD = gnu99;
				GCC_NO_COMMON_BLOCKS = YES;
				GCC_WARN_64_TO_32_BIT_CONVERSION = YES;
				GCC_WARN_ABOUT_RETURN_TYPE = YES_ERROR;
				GCC_WARN_UNDECLARED_SELECTOR = YES;
				GCC_WARN_UNINITIALIZED_AUTOS = YES_AGGRESSIVE;
				GCC_WARN_UNUSED_FUNCTION = YES;
				GCC_WARN_UNUSED_VARIABLE = YES;
				IPHONEOS_DEPLOYMENT_TARGET = 9.3;
				MTL_ENABLE_DEBUG_INFO = NO;
				SDKROOT = iphoneos;
				VALIDATE_PRODUCT = YES;
			};
			name = Release;
		};
		D2A6A6111D1A28830069BFB5 /* Debug */ = {
			isa = XCBuildConfiguration;
			buildSettings = {
				ASSETCATALOG_COMPILER_APPICON_NAME = AppIcon;
				INFOPLIST_FILE = AlgorithmDemo/Info.plist;
				LD_RUNPATH_SEARCH_PATHS = "$(inherited) @executable_path/Frameworks";
				PRODUCT_BUNDLE_IDENTIFIER = com.biquu.AlgorithmDemo;
				PRODUCT_NAME = "$(TARGET_NAME)";
			};
			name = Debug;
		};
		D2A6A6121D1A28830069BFB5 /* Release */ = {
			isa = XCBuildConfiguration;
			buildSettings = {
				ASSETCATALOG_COMPILER_APPICON_NAME = AppIcon;
				INFOPLIST_FILE = AlgorithmDemo/Info.plist;
				LD_RUNPATH_SEARCH_PATHS = "$(inherited) @executable_path/Frameworks";
				PRODUCT_BUNDLE_IDENTIFIER = com.biquu.AlgorithmDemo;
				PRODUCT_NAME = "$(TARGET_NAME)";
			};
			name = Release;
		};
		D2A6A6141D1A28830069BFB5 /* Debug */ = {
			isa = XCBuildConfiguration;
			buildSettings = {
				BUNDLE_LOADER = "$(TEST_HOST)";
				INFOPLIST_FILE = AlgorithmDemoTests/Info.plist;
				LD_RUNPATH_SEARCH_PATHS = "$(inherited) @executable_path/Frameworks @loader_path/Frameworks";
				PRODUCT_BUNDLE_IDENTIFIER = com.biquu.AlgorithmDemoTests;
				PRODUCT_NAME = "$(TARGET_NAME)";
				TEST_HOST = "$(BUILT_PRODUCTS_DIR)/AlgorithmDemo.app/AlgorithmDemo";
			};
			name = Debug;
		};
		D2A6A6151D1A28830069BFB5 /* Release */ = {
			isa = XCBuildConfiguration;
			buildSettings = {
				BUNDLE_LOADER = "$(TEST_HOST)";
				INFOPLIST_FILE = AlgorithmDemoTests/Info.plist;
				LD_RUNPATH_SEARCH_PATHS = "$(inherited) @executable_path/Frameworks @loader_path/Frameworks";
				PRODUCT_BUNDLE_IDENTIFIER = com.biquu.AlgorithmDemoTests;
				PRODUCT_NAME = "$(TARGET_NAME)";
				TEST_HOST = "$(BUILT_PRODUCTS_DIR)/AlgorithmDemo.app/AlgorithmDemo";
			};
			name = Release;
		};
		D2A6A6171D1A28830069BFB5 /* Debug */ = {
			isa = XCBuildConfiguration;
			buildSettings = {
				INFOPLIST_FILE = AlgorithmDemoUITests/Info.plist;
				LD_RUNPATH_SEARCH_PATHS = "$(inherited) @executable_path/Frameworks @loader_path/Frameworks";
				PRODUCT_BUNDLE_IDENTIFIER = com.biquu.AlgorithmDemoUITests;
				PRODUCT_NAME = "$(TARGET_NAME)";
				TEST_TARGET_NAME = AlgorithmDemo;
			};
			name = Debug;
		};
		D2A6A6181D1A28830069BFB5 /* Release */ = {
			isa = XCBuildConfiguration;
			buildSettings = {
				INFOPLIST_FILE = AlgorithmDemoUITests/Info.plist;
				LD_RUNPATH_SEARCH_PATHS = "$(inherited) @executable_path/Frameworks @loader_path/Frameworks";
				PRODUCT_BUNDLE_IDENTIFIER = com.biquu.AlgorithmDemoUITests;
				PRODUCT_NAME = "$(TARGET_NAME)";
				TEST_TARGET_NAME = AlgorithmDemo;
			};
			name = Release;
		};
/* End XCBuildConfiguration section */

/* Begin XCConfigurationList section */
		D2A6A5DE1D1A28830069BFB5 /* Build configuration list for PBXProject "AlgorithmDemo" */ = {
			isa = XCConfigurationList;
			buildConfigurations = (
				D2A6A60E1D1A28830069BFB5 /* Debug */,
				D2A6A60F1D1A28830069BFB5 /* Release */,
			);
			defaultConfigurationIsVisible = 0;
			defaultConfigurationName = Release;
		};
		D2A6A6101D1A28830069BFB5 /* Build configuration list for PBXNativeTarget "AlgorithmDemo" */ = {
			isa = XCConfigurationList;
			buildConfigurations = (
				D2A6A6111D1A28830069BFB5 /* Debug */,
				D2A6A6121D1A28830069BFB5 /* Release */,
			);
			defaultConfigurationIsVisible = 0;
		};
		D2A6A6131D1A28830069BFB5 /* Build configuration list for PBXNativeTarget "AlgorithmDemoTests" */ = {
			isa = XCConfigurationList;
			buildConfigurations = (
				D2A6A6141D1A28830069BFB5 /* Debug */,
				D2A6A6151D1A28830069BFB5 /* Release */,
			);
			defaultConfigurationIsVisible = 0;
		};
		D2A6A6161D1A28830069BFB5 /* Build configuration list for PBXNativeTarget "AlgorithmDemoUITests" */ = {
			isa = XCConfigurationList;
			buildConfigurations = (
				D2A6A6171D1A28830069BFB5 /* Debug */,
				D2A6A6181D1A28830069BFB5 /* Release */,
			);
			defaultConfigurationIsVisible = 0;
		};
/* End XCConfigurationList section */
	};
	rootObject = D2A6A5DB1D1A28830069BFB5 /* Project object */;
}
